
Microsoft Visual Studio Solution File, Format Version 12.00
# Visual Studio Version 17
VisualStudioVersion = 17.5.2.0
MinimumVisualStudioVersion = 10.0.40219.1
Project("{FAE04EC0-301F-11D3-BF4B-00C04F79EFBC}") = "Sistema de Gestão de Produtos", "Sistema de Gestão de Produtos.csproj", "{764B9AA4-5F3E-8A56-3F79-D3FA6A087638}"
EndProject
Global
	GlobalSection(SolutionConfigurationPlatforms) = preSolution
		Debug|Any CPU = Debug|Any CPU
		Release|Any CPU = Release|Any CPU
	EndGlobalSection
	GlobalSection(ProjectConfigurationPlatforms) = postSolution
		{764B9AA4-5F3E-8A56-3F79-D3FA6A087638}.Debug|Any CPU.ActiveCfg = Debug|Any CPU
		{764B9AA4-5F3E-8A56-3F79-D3FA6A087638}.Debug|Any CPU.Build.0 = Debug|Any CPU
		{764B9AA4-5F3E-8A56-3F79-D3FA6A087638}.Release|Any CPU.ActiveCfg = Release|Any CPU
		{764B9AA4-5F3E-8A56-3F79-D3FA6A087638}.Release|Any CPU.Build.0 = Release|Any CPU
	EndGlobalSection
	GlobalSection(SolutionProperties) = preSolution
		HideSolutionNode = FALSE
	EndGlobalSection
	GlobalSection(ExtensibilityGlobals) = postSolution
		SolutionGuid = {B929647D-5F19-4799-AD77-648264CE51B3}
	EndGlobalSection
EndGlobal
